# THIS IS AN AUTOGENERATED FILE. DO NOT EDIT THIS FILE DIRECTLY.
# yarn lockfile v1


styled-reset@^4.3.4:
  version "4.3.4"
  resolved "https://registry.yarnpkg.com/styled-reset/-/styled-reset-4.3.4.tgz#87b6f43caa3f83a5f9dc63773c13b8bb71efbe69"
  integrity sha512-1UmkWmRwSPfzolKleyPjbZdBqkxSXv5ImqTP5WeSjWk0Z7IvEzsrYhrqinZfCg10eM1P6BEtFly8+puQJnN/0A==
